
Microsoft Visual Studio Solution File, Format Version 12.00
# Visual Studio Version 16
VisualStudioVersion = 16.0.30804.86
MinimumVisualStudioVersion = 10.0.40219.1
Project("{9A19103F-16F7-4668-BE54-9A1E7A4F7556}") = "booksdb", "booksdb\booksdb.csproj", "{3406B67B-1C98-4C50-A88E-05C1BCF69BB6}"
EndProject
Global
	GlobalSection(SolutionConfigurationPlatforms) = preSolution
		Debug|Any CPU = Debug|Any CPU
		Release|Any CPU = Release|Any CPU
	EndGlobalSection
	GlobalSection(ProjectConfigurationPlatforms) = postSolution
		{3406B67B-1C98-4C50-A88E-05C1BCF69BB6}.Debug|Any CPU.ActiveCfg = Debug|Any CPU
		{3406B67B-1C98-4C50-A88E-05C1BCF69BB6}.Debug|Any CPU.Build.0 = Debug|Any CPU
		{3406B67B-1C98-4C50-A88E-05C1BCF69BB6}.Release|Any CPU.ActiveCfg = Release|Any CPU
		{3406B67B-1C98-4C50-A88E-05C1BCF69BB6}.Release|Any CPU.Build.0 = Release|Any CPU
	EndGlobalSection
	GlobalSection(SolutionProperties) = preSolution
		HideSolutionNode = FALSE
	EndGlobalSection
	GlobalSection(ExtensibilityGlobals) = postSolution
		SolutionGuid = {58101826-DD59-4581-AFA0-64DCFF4C0C48}
	EndGlobalSection
EndGlobal
